
Microsoft Visual Studio Solution File, Format Version 12.00
# Visual Studio Version 16
VisualStudioVersion = 16.0.31702.278
MinimumVisualStudioVersion = 10.0.40219.1
Project("{FAE04EC0-301F-11D3-BF4B-00C04F79EFBC}") = "Plamadeala_Maria_Lab8", "Plamadeala_Maria_Lab8.csproj", "{8EFA3C17-2AB1-460F-B936-EE56BBC1DDF5}"
EndProject
Global
	GlobalSection(SolutionConfigurationPlatforms) = preSolution
		Debug|Any CPU = Debug|Any CPU
		Release|Any CPU = Release|Any CPU
	EndGlobalSection
	GlobalSection(ProjectConfigurationPlatforms) = postSolution
		{8EFA3C17-2AB1-460F-B936-EE56BBC1DDF5}.Debug|Any CPU.ActiveCfg = Debug|Any CPU
		{8EFA3C17-2AB1-460F-B936-EE56BBC1DDF5}.Debug|Any CPU.Build.0 = Debug|Any CPU
		{8EFA3C17-2AB1-460F-B936-EE56BBC1DDF5}.Release|Any CPU.ActiveCfg = Release|Any CPU
		{8EFA3C17-2AB1-460F-B936-EE56BBC1DDF5}.Release|Any CPU.Build.0 = Release|Any CPU
	EndGlobalSection
	GlobalSection(SolutionProperties) = preSolution
		HideSolutionNode = FALSE
	EndGlobalSection
	GlobalSection(ExtensibilityGlobals) = postSolution
		SolutionGuid = {B35F78D5-4163-495F-9031-429768794746}
	EndGlobalSection
EndGlobal
